
Microsoft Visual Studio Solution File, Format Version 11.00
# Visual Studio 2010
Project("{FAE04EC0-301F-11D3-BF4B-00C04F79EFBC}") = "CloseAllToolWindows", "Src\CloseAllToolWindows.csproj", "{368580E1-9B90-4BD6-B126-B9092D9E50FB}"
EndProject
Global
	GlobalSection(SolutionConfigurationPlatforms) = preSolution
		Debug|Any CPU = Debug|Any CPU
		Release|Any CPU = Release|Any CPU
	EndGlobalSection
	GlobalSection(ProjectConfigurationPlatforms) = postSolution
		{368580E1-9B90-4BD6-B126-B9092D9E50FB}.Debug|Any CPU.ActiveCfg = Debug|Any CPU
		{368580E1-9B90-4BD6-B126-B9092D9E50FB}.Debug|Any CPU.Build.0 = Debug|Any CPU
		{368580E1-9B90-4BD6-B126-B9092D9E50FB}.Release|Any CPU.ActiveCfg = Release|Any CPU
		{368580E1-9B90-4BD6-B126-B9092D9E50FB}.Release|Any CPU.Build.0 = Release|Any CPU
	EndGlobalSection
	GlobalSection(SolutionProperties) = preSolution
		HideSolutionNode = FALSE
	EndGlobalSection
EndGlobal
